
Microsoft Visual Studio Solution File, Format Version 12.00
# Visual Studio Version 16
VisualStudioVersion = 16.0.29613.14
MinimumVisualStudioVersion = 10.0.40219.1
Project("{FAE04EC0-301F-11D3-BF4B-00C04F79EFBC}") = "LeetCode.Test", "LeetCode.Test\LeetCode.Test.csproj", "{A87F5AA1-296C-4580-9BD9-C6534A6E9B65}"
EndProject
Project("{9A19103F-16F7-4668-BE54-9A1E7A4F7556}") = "LeetCode", "LeetCode\LeetCode.csproj", "{6590D61A-16EE-4730-A223-99C7A9549686}"
EndProject
Global
	GlobalSection(SolutionConfigurationPlatforms) = preSolution
		Debug|Any CPU = Debug|Any CPU
		Release|Any CPU = Release|Any CPU
	EndGlobalSection
	GlobalSection(ProjectConfigurationPlatforms) = postSolution
		{A87F5AA1-296C-4580-9BD9-C6534A6E9B65}.Debug|Any CPU.ActiveCfg = Debug|Any CPU
		{A87F5AA1-296C-4580-9BD9-C6534A6E9B65}.Debug|Any CPU.Build.0 = Debug|Any CPU
		{A87F5AA1-296C-4580-9BD9-C6534A6E9B65}.Release|Any CPU.ActiveCfg = Release|Any CPU
		{A87F5AA1-296C-4580-9BD9-C6534A6E9B65}.Release|Any CPU.Build.0 = Release|Any CPU
		{6590D61A-16EE-4730-A223-99C7A9549686}.Debug|Any CPU.ActiveCfg = Debug|Any CPU
		{6590D61A-16EE-4730-A223-99C7A9549686}.Debug|Any CPU.Build.0 = Debug|Any CPU
		{6590D61A-16EE-4730-A223-99C7A9549686}.Release|Any CPU.ActiveCfg = Release|Any CPU
		{6590D61A-16EE-4730-A223-99C7A9549686}.Release|Any CPU.Build.0 = Release|Any CPU
	EndGlobalSection
	GlobalSection(SolutionProperties) = preSolution
		HideSolutionNode = FALSE
	EndGlobalSection
	GlobalSection(ExtensibilityGlobals) = postSolution
		SolutionGuid = {656FA7CA-531C-4436-8B26-4AADDF3C84AE}
	EndGlobalSection
EndGlobal
